
Microsoft Visual Studio Solution File, Format Version 12.00
# Visual Studio Version 17
VisualStudioVersion = 17.4.33213.308
MinimumVisualStudioVersion = 10.0.40219.1
Project("{9A19103F-16F7-4668-BE54-9A1E7A4F7556}") = "IdentityService", "IdentityService\IdentityService.csproj", "{882B9D96-046A-42D1-8A6C-EFE4340546EA}"
EndProject
Project("{2150E333-8FDC-42A3-9474-1A3956D46DE8}") = "Services", "Services", "{4E207821-4AFA-4B9B-9737-F9419A1D66C4}"
EndProject
Project("{2150E333-8FDC-42A3-9474-1A3956D46DE8}") = "Shared", "Shared", "{E52EBF54-E8A5-4F6A-AE59-BC2E5D2EF656}"
EndProject
Project("{9A19103F-16F7-4668-BE54-9A1E7A4F7556}") = "AuthenticationManager", "AuthenticationManager\AuthenticationManager.csproj", "{4272CB19-BD2A-4611-A934-5A224C7883CB}"
EndProject
Project("{9A19103F-16F7-4668-BE54-9A1E7A4F7556}") = "YattCommon", "YattCommon\YattCommon.csproj", "{9ADC86DD-977F-4ABD-85F4-EEAF31EA53E7}"
EndProject
Project("{9A19103F-16F7-4668-BE54-9A1E7A4F7556}") = "CandidateService", "CandidateService\CandidateService.csproj", "{A4CE1F15-6F07-4C0F-AF2C-07E94B9DFD29}"
EndProject
Project("{E53339B2-1760-4266-BCC7-CA923CBCF16C}") = "docker-compose", "docker-compose.dcproj", "{7B5E9224-C386-4E78-AB28-DFF6502C09FC}"
EndProject
Project("{9A19103F-16F7-4668-BE54-9A1E7A4F7556}") = "CompanyService", "CompanyService\CompanyService.csproj", "{7899E234-87F1-4E96-AE74-72E6D1D4094A}"
EndProject
Project("{9A19103F-16F7-4668-BE54-9A1E7A4F7556}") = "MembershipService", "MembershipService\MembershipService.csproj", "{BD4B6407-8357-4115-8EA0-6BFE1384E446}"
EndProject
Project("{9A19103F-16F7-4668-BE54-9A1E7A4F7556}") = "LanguageService", "LanguageService\LanguageService.csproj", "{6C4B3752-4CF9-4A7D-96E3-FD14CED48ABD}"
EndProject
Project("{9A19103F-16F7-4668-BE54-9A1E7A4F7556}") = "SubscriptionService", "SubscriptionService\SubscriptionService.csproj", "{02AFCCFF-122A-4F09-A88B-DE869B5AD02A}"
EndProject
Project("{9A19103F-16F7-4668-BE54-9A1E7A4F7556}") = "JobService", "JobService\JobService.csproj", "{7C4C1657-E28E-4D88-B388-7AD05BE07256}"
EndProject
Project("{9A19103F-16F7-4668-BE54-9A1E7A4F7556}") = "ApplicantService", "ApplicantService\ApplicantService.csproj", "{F6574F19-FFED-4C2E-B76E-8BE522A1EA7E}"
EndProject
Project("{2150E333-8FDC-42A3-9474-1A3956D46DE8}") = "GateWay", "GateWay", "{61C338F9-CE81-4AC5-A23B-EBC36DF45BA0}"
EndProject
Project("{9A19103F-16F7-4668-BE54-9A1E7A4F7556}") = "OcelotGateway", "..\OcelotGateway\OcelotGateway.csproj", "{1E36611D-101E-4747-84BA-B4953920DCA3}"
EndProject
Project("{9A19103F-16F7-4668-BE54-9A1E7A4F7556}") = "CatagoryService", "CatagoryService\CatagoryService.csproj", "{4CF8EC91-5C4A-4CAA-8549-F5ADAC2759A7}"
EndProject
Project("{9A19103F-16F7-4668-BE54-9A1E7A4F7556}") = "Yatt.HttpClientService", "Yatt.HttpClientService\Yatt.HttpClientService.csproj", "{F70A405F-15EA-4007-ACD5-7AD31B664333}"
EndProject
Global
	GlobalSection(SolutionConfigurationPlatforms) = preSolution
		Debug|Any CPU = Debug|Any CPU
		Release|Any CPU = Release|Any CPU
	EndGlobalSection
	GlobalSection(ProjectConfigurationPlatforms) = postSolution
		{882B9D96-046A-42D1-8A6C-EFE4340546EA}.Debug|Any CPU.ActiveCfg = Debug|Any CPU
		{882B9D96-046A-42D1-8A6C-EFE4340546EA}.Debug|Any CPU.Build.0 = Debug|Any CPU
		{882B9D96-046A-42D1-8A6C-EFE4340546EA}.Release|Any CPU.ActiveCfg = Release|Any CPU
		{882B9D96-046A-42D1-8A6C-EFE4340546EA}.Release|Any CPU.Build.0 = Release|Any CPU
		{4272CB19-BD2A-4611-A934-5A224C7883CB}.Debug|Any CPU.ActiveCfg = Debug|Any CPU
		{4272CB19-BD2A-4611-A934-5A224C7883CB}.Debug|Any CPU.Build.0 = Debug|Any CPU
		{4272CB19-BD2A-4611-A934-5A224C7883CB}.Release|Any CPU.ActiveCfg = Release|Any CPU
		{4272CB19-BD2A-4611-A934-5A224C7883CB}.Release|Any CPU.Build.0 = Release|Any CPU
		{9ADC86DD-977F-4ABD-85F4-EEAF31EA53E7}.Debug|Any CPU.ActiveCfg = Debug|Any CPU
		{9ADC86DD-977F-4ABD-85F4-EEAF31EA53E7}.Debug|Any CPU.Build.0 = Debug|Any CPU
		{9ADC86DD-977F-4ABD-85F4-EEAF31EA53E7}.Release|Any CPU.ActiveCfg = Release|Any CPU
		{9ADC86DD-977F-4ABD-85F4-EEAF31EA53E7}.Release|Any CPU.Build.0 = Release|Any CPU
		{A4CE1F15-6F07-4C0F-AF2C-07E94B9DFD29}.Debug|Any CPU.ActiveCfg = Debug|Any CPU
		{A4CE1F15-6F07-4C0F-AF2C-07E94B9DFD29}.Debug|Any CPU.Build.0 = Debug|Any CPU
		{A4CE1F15-6F07-4C0F-AF2C-07E94B9DFD29}.Release|Any CPU.ActiveCfg = Release|Any CPU
		{A4CE1F15-6F07-4C0F-AF2C-07E94B9DFD29}.Release|Any CPU.Build.0 = Release|Any CPU
		{7B5E9224-C386-4E78-AB28-DFF6502C09FC}.Debug|Any CPU.ActiveCfg = Debug|Any CPU
		{7B5E9224-C386-4E78-AB28-DFF6502C09FC}.Debug|Any CPU.Build.0 = Debug|Any CPU
		{7B5E9224-C386-4E78-AB28-DFF6502C09FC}.Release|Any CPU.ActiveCfg = Release|Any CPU
		{7B5E9224-C386-4E78-AB28-DFF6502C09FC}.Release|Any CPU.Build.0 = Release|Any CPU
		{7899E234-87F1-4E96-AE74-72E6D1D4094A}.Debug|Any CPU.ActiveCfg = Debug|Any CPU
		{7899E234-87F1-4E96-AE74-72E6D1D4094A}.Debug|Any CPU.Build.0 = Debug|Any CPU
		{7899E234-87F1-4E96-AE74-72E6D1D4094A}.Release|Any CPU.ActiveCfg = Release|Any CPU
		{7899E234-87F1-4E96-AE74-72E6D1D4094A}.Release|Any CPU.Build.0 = Release|Any CPU
		{BD4B6407-8357-4115-8EA0-6BFE1384E446}.Debug|Any CPU.ActiveCfg = Debug|Any CPU
		{BD4B6407-8357-4115-8EA0-6BFE1384E446}.Debug|Any CPU.Build.0 = Debug|Any CPU
		{BD4B6407-8357-4115-8EA0-6BFE1384E446}.Release|Any CPU.ActiveCfg = Release|Any CPU
		{BD4B6407-8357-4115-8EA0-6BFE1384E446}.Release|Any CPU.Build.0 = Release|Any CPU
		{6C4B3752-4CF9-4A7D-96E3-FD14CED48ABD}.Debug|Any CPU.ActiveCfg = Debug|Any CPU
		{6C4B3752-4CF9-4A7D-96E3-FD14CED48ABD}.Debug|Any CPU.Build.0 = Debug|Any CPU
		{6C4B3752-4CF9-4A7D-96E3-FD14CED48ABD}.Release|Any CPU.ActiveCfg = Release|Any CPU
		{6C4B3752-4CF9-4A7D-96E3-FD14CED48ABD}.Release|Any CPU.Build.0 = Release|Any CPU
		{02AFCCFF-122A-4F09-A88B-DE869B5AD02A}.Debug|Any CPU.ActiveCfg = Debug|Any CPU
		{02AFCCFF-122A-4F09-A88B-DE869B5AD02A}.Debug|Any CPU.Build.0 = Debug|Any CPU
		{02AFCCFF-122A-4F09-A88B-DE869B5AD02A}.Release|Any CPU.ActiveCfg = Release|Any CPU
		{02AFCCFF-122A-4F09-A88B-DE869B5AD02A}.Release|Any CPU.Build.0 = Release|Any CPU
		{7C4C1657-E28E-4D88-B388-7AD05BE07256}.Debug|Any CPU.ActiveCfg = Debug|Any CPU
		{7C4C1657-E28E-4D88-B388-7AD05BE07256}.Debug|Any CPU.Build.0 = Debug|Any CPU
		{7C4C1657-E28E-4D88-B388-7AD05BE07256}.Release|Any CPU.ActiveCfg = Release|Any CPU
		{7C4C1657-E28E-4D88-B388-7AD05BE07256}.Release|Any CPU.Build.0 = Release|Any CPU
		{F6574F19-FFED-4C2E-B76E-8BE522A1EA7E}.Debug|Any CPU.ActiveCfg = Debug|Any CPU
		{F6574F19-FFED-4C2E-B76E-8BE522A1EA7E}.Debug|Any CPU.Build.0 = Debug|Any CPU
		{F6574F19-FFED-4C2E-B76E-8BE522A1EA7E}.Release|Any CPU.ActiveCfg = Release|Any CPU
		{F6574F19-FFED-4C2E-B76E-8BE522A1EA7E}.Release|Any CPU.Build.0 = Release|Any CPU
		{1E36611D-101E-4747-84BA-B4953920DCA3}.Debug|Any CPU.ActiveCfg = Debug|Any CPU
		{1E36611D-101E-4747-84BA-B4953920DCA3}.Debug|Any CPU.Build.0 = Debug|Any CPU
		{1E36611D-101E-4747-84BA-B4953920DCA3}.Release|Any CPU.ActiveCfg = Release|Any CPU
		{1E36611D-101E-4747-84BA-B4953920DCA3}.Release|Any CPU.Build.0 = Release|Any CPU
		{4CF8EC91-5C4A-4CAA-8549-F5ADAC2759A7}.Debug|Any CPU.ActiveCfg = Debug|Any CPU
		{4CF8EC91-5C4A-4CAA-8549-F5ADAC2759A7}.Debug|Any CPU.Build.0 = Debug|Any CPU
		{4CF8EC91-5C4A-4CAA-8549-F5ADAC2759A7}.Release|Any CPU.ActiveCfg = Release|Any CPU
		{4CF8EC91-5C4A-4CAA-8549-F5ADAC2759A7}.Release|Any CPU.Build.0 = Release|Any CPU
		{F70A405F-15EA-4007-ACD5-7AD31B664333}.Debug|Any CPU.ActiveCfg = Debug|Any CPU
		{F70A405F-15EA-4007-ACD5-7AD31B664333}.Debug|Any CPU.Build.0 = Debug|Any CPU
		{F70A405F-15EA-4007-ACD5-7AD31B664333}.Release|Any CPU.ActiveCfg = Release|Any CPU
		{F70A405F-15EA-4007-ACD5-7AD31B664333}.Release|Any CPU.Build.0 = Release|Any CPU
	EndGlobalSection
	GlobalSection(SolutionProperties) = preSolution
		HideSolutionNode = FALSE
	EndGlobalSection
	GlobalSection(NestedProjects) = preSolution
		{882B9D96-046A-42D1-8A6C-EFE4340546EA} = {4E207821-4AFA-4B9B-9737-F9419A1D66C4}
		{4272CB19-BD2A-4611-A934-5A224C7883CB} = {E52EBF54-E8A5-4F6A-AE59-BC2E5D2EF656}
		{9ADC86DD-977F-4ABD-85F4-EEAF31EA53E7} = {E52EBF54-E8A5-4F6A-AE59-BC2E5D2EF656}
		{A4CE1F15-6F07-4C0F-AF2C-07E94B9DFD29} = {4E207821-4AFA-4B9B-9737-F9419A1D66C4}
		{7899E234-87F1-4E96-AE74-72E6D1D4094A} = {4E207821-4AFA-4B9B-9737-F9419A1D66C4}
		{BD4B6407-8357-4115-8EA0-6BFE1384E446} = {4E207821-4AFA-4B9B-9737-F9419A1D66C4}
		{6C4B3752-4CF9-4A7D-96E3-FD14CED48ABD} = {4E207821-4AFA-4B9B-9737-F9419A1D66C4}
		{02AFCCFF-122A-4F09-A88B-DE869B5AD02A} = {4E207821-4AFA-4B9B-9737-F9419A1D66C4}
		{7C4C1657-E28E-4D88-B388-7AD05BE07256} = {4E207821-4AFA-4B9B-9737-F9419A1D66C4}
		{F6574F19-FFED-4C2E-B76E-8BE522A1EA7E} = {4E207821-4AFA-4B9B-9737-F9419A1D66C4}
		{1E36611D-101E-4747-84BA-B4953920DCA3} = {61C338F9-CE81-4AC5-A23B-EBC36DF45BA0}
		{4CF8EC91-5C4A-4CAA-8549-F5ADAC2759A7} = {4E207821-4AFA-4B9B-9737-F9419A1D66C4}
		{F70A405F-15EA-4007-ACD5-7AD31B664333} = {E52EBF54-E8A5-4F6A-AE59-BC2E5D2EF656}
	EndGlobalSection
	GlobalSection(ExtensibilityGlobals) = postSolution
		SolutionGuid = {45EBD0EE-FD1F-4274-BCF9-8F336401A5DD}
	EndGlobalSection
EndGlobal
